
Microsoft Visual Studio Solution File, Format Version 12.00
# Visual Studio 14
VisualStudioVersion = 14.0.25420.1
MinimumVisualStudioVersion = 10.0.40219.1
Project("{FAE04EC0-301F-11D3-BF4B-00C04F79EFBC}") = "DWUIntranet", "DWUIntranet\DWUIntranet.csproj", "{01E5C001-1A30-4784-BB0E-29016B1697CE}"
EndProject
Project("{FAE04EC0-301F-11D3-BF4B-00C04F79EFBC}") = "DAL", "DAL\DAL.csproj", "{71C41515-812D-44EC-9E8B-57B7EBD5CED9}"
EndProject
Global
	GlobalSection(SolutionConfigurationPlatforms) = preSolution
		Debug|Any CPU = Debug|Any CPU
		Release|Any CPU = Release|Any CPU
	EndGlobalSection
	GlobalSection(ProjectConfigurationPlatforms) = postSolution
		{01E5C001-1A30-4784-BB0E-29016B1697CE}.Debug|Any CPU.ActiveCfg = Debug|Any CPU
		{01E5C001-1A30-4784-BB0E-29016B1697CE}.Debug|Any CPU.Build.0 = Debug|Any CPU
		{01E5C001-1A30-4784-BB0E-29016B1697CE}.Release|Any CPU.ActiveCfg = Release|Any CPU
		{01E5C001-1A30-4784-BB0E-29016B1697CE}.Release|Any CPU.Build.0 = Release|Any CPU
		{71C41515-812D-44EC-9E8B-57B7EBD5CED9}.Debug|Any CPU.ActiveCfg = Debug|Any CPU
		{71C41515-812D-44EC-9E8B-57B7EBD5CED9}.Debug|Any CPU.Build.0 = Debug|Any CPU
		{71C41515-812D-44EC-9E8B-57B7EBD5CED9}.Release|Any CPU.ActiveCfg = Release|Any CPU
		{71C41515-812D-44EC-9E8B-57B7EBD5CED9}.Release|Any CPU.Build.0 = Release|Any CPU
	EndGlobalSection
	GlobalSection(SolutionProperties) = preSolution
		HideSolutionNode = FALSE
	EndGlobalSection
EndGlobal
